Microsoft Visual Studio Solution File, Format Version 12.00
# Visual Studio Version 17
VisualStudioVersion = 17.5.2.0
MinimumVisualStudioVersion = 10.0.40219.1
Project("{FAE04EC0-301F-11D3-BF4B-00C04F79EFBC}") = "BarangAPI", "BarangAPI\BarangAPI.csproj", "{006285B5-0F28-3A97-3717-75F37D3AD9DB}"
EndProject
Global
	GlobalSection(SolutionConfigurationPlatforms) = preSolution
		Debug|Any CPU = Debug|Any CPU
		Release|Any CPU = Release|Any CPU
	EndGlobalSection
	GlobalSection(ProjectConfigurationPlatforms) = postSolution
		{006285B5-0F28-3A97-3717-75F37D3AD9DB}.Debug|Any CPU.ActiveCfg = Debug|Any CPU
		{006285B5-0F28-3A97-3717-75F37D3AD9DB}.Debug|Any CPU.Build.0 = Debug|Any CPU
		{006285B5-0F28-3A97-3717-75F37D3AD9DB}.Release|Any CPU.ActiveCfg = Release|Any CPU
		{006285B5-0F28-3A97-3717-75F37D3AD9DB}.Release|Any CPU.Build.0 = Release|Any CPU
	EndGlobalSection
	GlobalSection(SolutionProperties) = preSolution
		HideSolutionNode = FALSE
	EndGlobalSection
	GlobalSection(ExtensibilityGlobals) = postSolution
		SolutionGuid = {97DBCAF2-E77B-4A26-892B-48F4D6FD1954}
	EndGlobalSection
EndGlobal
